{
  "requires": true,
  "lockfileVersion": 1,
  "dependencies": {
    "leaflet.locatecontrol": {
      "version": "0.76.0",
      "resolved": "https://registry.npmjs.org/leaflet.locatecontrol/-/leaflet.locatecontrol-0.76.0.tgz",
      "integrity": "sha512-Mx8uiihBi8KrrW3LgblsNL/pS8HR0gj60m8VFDFrnhSvDuitChazc095XcMSscf/XqZW+TSqQMCTe+AUy/4/eA=="
    }
  }
}
